
Microsoft Visual Studio Solution File, Format Version 12.00
# Visual Studio Version 17
VisualStudioVersion = 17.5.33530.505
MinimumVisualStudioVersion = 10.0.40219.1
Project("{FAE04EC0-301F-11D3-BF4B-00C04F79EFBC}") = "Loops- Lab", "Loops- Lab.csproj", "{543C703A-C36B-4F7B-85CE-78DB8D3DC1D4}"
EndProject
Global
	GlobalSection(SolutionConfigurationPlatforms) = preSolution
		Debug|Any CPU = Debug|Any CPU
		Release|Any CPU = Release|Any CPU
	EndGlobalSection
	GlobalSection(ProjectConfigurationPlatforms) = postSolution
		{543C703A-C36B-4F7B-85CE-78DB8D3DC1D4}.Debug|Any CPU.ActiveCfg = Debug|Any CPU
		{543C703A-C36B-4F7B-85CE-78DB8D3DC1D4}.Debug|Any CPU.Build.0 = Debug|Any CPU
		{543C703A-C36B-4F7B-85CE-78DB8D3DC1D4}.Release|Any CPU.ActiveCfg = Release|Any CPU
		{543C703A-C36B-4F7B-85CE-78DB8D3DC1D4}.Release|Any CPU.Build.0 = Release|Any CPU
	EndGlobalSection
	GlobalSection(SolutionProperties) = preSolution
		HideSolutionNode = FALSE
	EndGlobalSection
	GlobalSection(ExtensibilityGlobals) = postSolution
		SolutionGuid = {59E153B4-08EF-49DF-91B6-BE7E4B5915D8}
	EndGlobalSection
EndGlobal
