
Microsoft Visual Studio Solution File, Format Version 12.00
# Visual Studio Version 17
VisualStudioVersion = 17.5.33530.505
MinimumVisualStudioVersion = 10.0.40219.1
Project("{FAE04EC0-301F-11D3-BF4B-00C04F79EFBC}") = "C# Conditionals", "C# Conditionals.csproj", "{957571C9-7CD9-48C5-A734-3734FC0DEA11}"
EndProject
Global
	GlobalSection(SolutionConfigurationPlatforms) = preSolution
		Debug|Any CPU = Debug|Any CPU
		Release|Any CPU = Release|Any CPU
	EndGlobalSection
	GlobalSection(ProjectConfigurationPlatforms) = postSolution
		{957571C9-7CD9-48C5-A734-3734FC0DEA11}.Debug|Any CPU.ActiveCfg = Debug|Any CPU
		{957571C9-7CD9-48C5-A734-3734FC0DEA11}.Debug|Any CPU.Build.0 = Debug|Any CPU
		{957571C9-7CD9-48C5-A734-3734FC0DEA11}.Release|Any CPU.ActiveCfg = Release|Any CPU
		{957571C9-7CD9-48C5-A734-3734FC0DEA11}.Release|Any CPU.Build.0 = Release|Any CPU
	EndGlobalSection
	GlobalSection(SolutionProperties) = preSolution
		HideSolutionNode = FALSE
	EndGlobalSection
	GlobalSection(ExtensibilityGlobals) = postSolution
		SolutionGuid = {9D35734C-4FBF-4EB0-BF02-FF5354E58A6B}
	EndGlobalSection
EndGlobal
